
Microsoft Visual Studio Solution File, Format Version 12.00
# Visual Studio Version 17
VisualStudioVersion = 17.1.32228.430
MinimumVisualStudioVersion = 10.0.40219.1
Project("{FAE04EC0-301F-11D3-BF4B-00C04F79EFBC}") = "Matrizes_01", "Matrizes_01.csproj", "{541D7266-C5BE-46A6-B561-5000378D4979}"
EndProject
Global
	GlobalSection(SolutionConfigurationPlatforms) = preSolution
		Debug|Any CPU = Debug|Any CPU
		Release|Any CPU = Release|Any CPU
	EndGlobalSection
	GlobalSection(ProjectConfigurationPlatforms) = postSolution
		{541D7266-C5BE-46A6-B561-5000378D4979}.Debug|Any CPU.ActiveCfg = Debug|Any CPU
		{541D7266-C5BE-46A6-B561-5000378D4979}.Debug|Any CPU.Build.0 = Debug|Any CPU
		{541D7266-C5BE-46A6-B561-5000378D4979}.Release|Any CPU.ActiveCfg = Release|Any CPU
		{541D7266-C5BE-46A6-B561-5000378D4979}.Release|Any CPU.Build.0 = Release|Any CPU
	EndGlobalSection
	GlobalSection(SolutionProperties) = preSolution
		HideSolutionNode = FALSE
	EndGlobalSection
	GlobalSection(ExtensibilityGlobals) = postSolution
		SolutionGuid = {EB1F0962-9623-4C67-9B08-564A37872D2F}
	EndGlobalSection
EndGlobal
